// !$*UTF8*$!
{
	archiveVersion = 1;
	classes = {
	};
	objectVersion = 48;
	objects = {

/* Begin PBXBuildFile section */
		290A46C4211BE1A400D37A37 /* ThemeViewController.swift in Sources */ = {isa = PBXBuildFile; fileRef = 290A46C3211BE1A400D37A37 /* ThemeViewController.swift */; };
		290A46C6211BE27500D37A37 /* ChooseDeviceViewController.swift in Sources */ = {isa = PBXBuildFile; fileRef = 290A46C5211BE27500D37A37 /* ChooseDeviceViewController.swift */; };
		290A46C9211BEE0700D37A37 /* DeviceInfoCell.xib in Resources */ = {isa = PBXBuildFile; fileRef = 290A46C8211BEE0700D37A37 /* DeviceInfoCell.xib */; };
		290A46CB211C224F00D37A37 /* DeviceInfoCell.swift in Sources */ = {isa = PBXBuildFile; fileRef = 290A46CA211C224F00D37A37 /* DeviceInfoCell.swift */; };
		290A46CD211C2E6600D37A37 /* TemporaryPwdViewController.swift in Sources */ = {isa = PBXBuildFile; fileRef = 290A46CC211C2E6600D37A37 /* TemporaryPwdViewController.swift */; };
		290A46CF211C30DE00D37A37 /* UnlockRecordViewController.swift in Sources */ = {isa = PBXBuildFile; fileRef = 290A46CE211C30DE00D37A37 /* UnlockRecordViewController.swift */; };
		290A46D1211C310B00D37A37 /* UnlockRecordCell.swift in Sources */ = {isa = PBXBuildFile; fileRef = 290A46D0211C310B00D37A37 /* UnlockRecordCell.swift */; };
		290A46D3211D3C9700D37A37 /* ButtonWithUpImage.swift in Sources */ = {isa = PBXBuildFile; fileRef = 290A46D2211D3C9700D37A37 /* ButtonWithUpImage.swift */; };
		290A46D6211D5E7B00D37A37 /* DeviceViewController.swift in Sources */ = {isa = PBXBuildFile; fileRef = 290A46D5211D5E7B00D37A37 /* DeviceViewController.swift */; };
		290A46D8211D666A00D37A37 /* ManagerDeviceViewController.swift in Sources */ = {isa = PBXBuildFile; fileRef = 290A46D7211D666A00D37A37 /* ManagerDeviceViewController.swift */; };
		290A46DC211D764400D37A37 /* ButtonWithRightImage.swift in Sources */ = {isa = PBXBuildFile; fileRef = 290A46DB211D764400D37A37 /* ButtonWithRightImage.swift */; };
		290A46DE211D846100D37A37 /* TypeDeviceViewController.swift in Sources */ = {isa = PBXBuildFile; fileRef = 290A46DD211D846100D37A37 /* TypeDeviceViewController.swift */; };
		290A46E0211D896500D37A37 /* AddDeviceViewController.swift in Sources */ = {isa = PBXBuildFile; fileRef = 290A46DF211D896500D37A37 /* AddDeviceViewController.swift */; };
		290F351CD2545C033A4B6BC2 /* Pods_KMZN.framework in Frameworks */ = {isa = PBXBuildFile; fileRef = 95530961FAB0509454A37F5A /* Pods_KMZN.framework */; };
		290FD08E2109675C00A615B4 /* UserInfo.swift in Sources */ = {isa = PBXBuildFile; fileRef = 290FD08D2109675C00A615B4 /* UserInfo.swift */; };
		294075D62105B10400ACECEB /* AppDelegate.swift in Sources */ = {isa = PBXBuildFile; fileRef = 294075D52105B10400ACECEB /* AppDelegate.swift */; };
		294075D82105B10400ACECEB /* StartViewController.swift in Sources */ = {isa = PBXBuildFile; fileRef = 294075D72105B10400ACECEB /* StartViewController.swift */; };
		294075DB2105B10400ACECEB /* Main.storyboard in Resources */ = {isa = PBXBuildFile; fileRef = 294075D92105B10400ACECEB /* Main.storyboard */; };
		294075DD2105B10400ACECEB /* Assets.xcassets in Resources */ = {isa = PBXBuildFile; fileRef = 294075DC2105B10400ACECEB /* Assets.xcassets */; };
		294075E02105B10400ACECEB /* LaunchScreen.storyboard in Resources */ = {isa = PBXBuildFile; fileRef = 294075DE2105B10400ACECEB /* LaunchScreen.storyboard */; };
		294075EB2105B6AA00ACECEB /* KMConstant.swift in Sources */ = {isa = PBXBuildFile; fileRef = 294075EA2105B6AA00ACECEB /* KMConstant.swift */; };
		294075EE2105B7C100ACECEB /* UIColor+extension.swift in Sources */ = {isa = PBXBuildFile; fileRef = 294075ED2105B7C000ACECEB /* UIColor+extension.swift */; };
		294075F42105C82C00ACECEB /* RegisterViewController.swift in Sources */ = {isa = PBXBuildFile; fileRef = 294075F32105C82C00ACECEB /* RegisterViewController.swift */; };
		294075F62105C84700ACECEB /* LoginViewController.swift in Sources */ = {isa = PBXBuildFile; fileRef = 294075F52105C84700ACECEB /* LoginViewController.swift */; };
		294E6BD8211AE87900FEED8C /* Homepage.storyboard in Resources */ = {isa = PBXBuildFile; fileRef = 294E6BD7211AE87900FEED8C /* Homepage.storyboard */; };
		294E6BDA211AEB0200FEED8C /* Device.storyboard in Resources */ = {isa = PBXBuildFile; fileRef = 294E6BD9211AEB0200FEED8C /* Device.storyboard */; };
		294E6BDC211AEB6100FEED8C /* Setup.storyboard in Resources */ = {isa = PBXBuildFile; fileRef = 294E6BDB211AEB6100FEED8C /* Setup.storyboard */; };
		294E6BDF211AEE6800FEED8C /* HomeViewController.swift in Sources */ = {isa = PBXBuildFile; fileRef = 294E6BDE211AEE6800FEED8C /* HomeViewController.swift */; };
		294EA7B621081C2F007F9E5B /* UserSettings.swift in Sources */ = {isa = PBXBuildFile; fileRef = 294EA7B521081C2F007F9E5B /* UserSettings.swift */; };
		294EA7B821081DF8007F9E5B /* HttpWrapper.swift in Sources */ = {isa = PBXBuildFile; fileRef = 294EA7B721081DF8007F9E5B /* HttpWrapper.swift */; };
		294EA7BA21081F6A007F9E5B /* Api.swift in Sources */ = {isa = PBXBuildFile; fileRef = 294EA7B921081F6A007F9E5B /* Api.swift */; };
		294EA7BD21082724007F9E5B /* CommonResult.swift in Sources */ = {isa = PBXBuildFile; fileRef = 294EA7BC21082724007F9E5B /* CommonResult.swift */; };
		294EA7C0210827A0007F9E5B /* BaseMappable.swift in Sources */ = {isa = PBXBuildFile; fileRef = 294EA7BF210827A0007F9E5B /* BaseMappable.swift */; };
		294EA7C221086A33007F9E5B /* BaseViewModel.swift in Sources */ = {isa = PBXBuildFile; fileRef = 294EA7C121086A33007F9E5B /* BaseViewModel.swift */; };
		294EA7C421086F15007F9E5B /* RegisterViewModel.swift in Sources */ = {isa = PBXBuildFile; fileRef = 294EA7C321086F15007F9E5B /* RegisterViewModel.swift */; };
		294EA7C82108744B007F9E5B /* Utils.swift in Sources */ = {isa = PBXBuildFile; fileRef = 294EA7C72108744B007F9E5B /* Utils.swift */; };
		2954B8B5211E883800905ECD /* ManagerPWDViewController.swift in Sources */ = {isa = PBXBuildFile; fileRef = 2954B8B4211E883800905ECD /* ManagerPWDViewController.swift */; };
		2954B8B7211E8D7600905ECD /* HeartBeatViewController.swift in Sources */ = {isa = PBXBuildFile; fileRef = 2954B8B6211E8D7600905ECD /* HeartBeatViewController.swift */; };
		2961937C21211406006BA9F1 /* UserViewController.swift in Sources */ = {isa = PBXBuildFile; fileRef = 2961937B21211406006BA9F1 /* UserViewController.swift */; };
		2961937E21211DF0006BA9F1 /* SettingUserViewController.swift in Sources */ = {isa = PBXBuildFile; fileRef = 2961937D21211DF0006BA9F1 /* SettingUserViewController.swift */; };
		2979D66C2106BE6E00FF0E44 /* CodeLoginViewController.swift in Sources */ = {isa = PBXBuildFile; fileRef = 2979D66B2106BE6E00FF0E44 /* CodeLoginViewController.swift */; };
		2979D66E2106BEAF00FF0E44 /* ResetPwdViewController.swift in Sources */ = {isa = PBXBuildFile; fileRef = 2979D66D2106BEAF00FF0E44 /* ResetPwdViewController.swift */; };
/* End PBXBuildFile section */

/* Begin PBXFileReference section */
		290A46C3211BE1A400D37A37 /* ThemeViewController.swift */ = {isa = PBXFileReference; lastKnownFileType = sourcecode.swift; path = ThemeViewController.swift; sourceTree = "<group>"; };
		290A46C5211BE27500D37A37 /* ChooseDeviceViewController.swift */ = {isa = PBXFileReference; lastKnownFileType = sourcecode.swift; path = ChooseDeviceViewController.swift; sourceTree = "<group>"; };
		290A46C8211BEE0700D37A37 /* DeviceInfoCell.xib */ = {isa = PBXFileReference; lastKnownFileType = file.xib; path = DeviceInfoCell.xib; sourceTree = "<group>"; };
		290A46CA211C224F00D37A37 /* DeviceInfoCell.swift */ = {isa = PBXFileReference; lastKnownFileType = sourcecode.swift; path = DeviceInfoCell.swift; sourceTree = "<group>"; };
		290A46CC211C2E6600D37A37 /* TemporaryPwdViewController.swift */ = {isa = PBXFileReference; lastKnownFileType = sourcecode.swift; path = TemporaryPwdViewController.swift; sourceTree = "<group>"; };
		290A46CE211C30DE00D37A37 /* UnlockRecordViewController.swift */ = {isa = PBXFileReference; lastKnownFileType = sourcecode.swift; path = UnlockRecordViewController.swift; sourceTree = "<group>"; };
		290A46D0211C310B00D37A37 /* UnlockRecordCell.swift */ = {isa = PBXFileReference; lastKnownFileType = sourcecode.swift; path = UnlockRecordCell.swift; sourceTree = "<group>"; };
		290A46D2211D3C9700D37A37 /* ButtonWithUpImage.swift */ = {isa = PBXFileReference; fileEncoding = 4; lastKnownFileType = sourcecode.swift; path = ButtonWithUpImage.swift; sourceTree = "<group>"; };
		290A46D5211D5E7B00D37A37 /* DeviceViewController.swift */ = {isa = PBXFileReference; lastKnownFileType = sourcecode.swift; path = DeviceViewController.swift; sourceTree = "<group>"; };
		290A46D7211D666A00D37A37 /* ManagerDeviceViewController.swift */ = {isa = PBXFileReference; lastKnownFileType = sourcecode.swift; path = ManagerDeviceViewController.swift; sourceTree = "<group>"; };
		290A46DB211D764400D37A37 /* ButtonWithRightImage.swift */ = {isa = PBXFileReference; fileEncoding = 4; lastKnownFileType = sourcecode.swift; path = ButtonWithRightImage.swift; sourceTree = "<group>"; };
		290A46DD211D846100D37A37 /* TypeDeviceViewController.swift */ = {isa = PBXFileReference; lastKnownFileType = sourcecode.swift; path = TypeDeviceViewController.swift; sourceTree = "<group>"; };
		290A46DF211D896500D37A37 /* AddDeviceViewController.swift */ = {isa = PBXFileReference; lastKnownFileType = sourcecode.swift; path = AddDeviceViewController.swift; sourceTree = "<group>"; };
		290FD08D2109675C00A615B4 /* UserInfo.swift */ = {isa = PBXFileReference; fileEncoding = 4; lastKnownFileType = sourcecode.swift; path = UserInfo.swift; sourceTree = "<group>"; };
		294075D22105B10400ACECEB /* KMZN.app */ = {isa = PBXFileReference; explicitFileType = wrapper.application; includeInIndex = 0; path = KMZN.app; sourceTree = BUILT_PRODUCTS_DIR; };
		294075D52105B10400ACECEB /* AppDelegate.swift */ = {isa = PBXFileReference; lastKnownFileType = sourcecode.swift; path = AppDelegate.swift; sourceTree = "<group>"; };
		294075D72105B10400ACECEB /* StartViewController.swift */ = {isa = PBXFileReference; lastKnownFileType = sourcecode.swift; path = StartViewController.swift; sourceTree = "<group>"; };
		294075DA2105B10400ACECEB /* Base */ = {isa = PBXFileReference; lastKnownFileType = file.storyboard; name = Base; path = Base.lproj/Main.storyboard; sourceTree = "<group>"; };
		294075DC2105B10400ACECEB /* Assets.xcassets */ = {isa = PBXFileReference; lastKnownFileType = folder.assetcatalog; path = Assets.xcassets; sourceTree = "<group>"; };
		294075DF2105B10400ACECEB /* Base */ = {isa = PBXFileReference; lastKnownFileType = file.storyboard; name = Base; path = Base.lproj/LaunchScreen.storyboard; sourceTree = "<group>"; };
		294075E12105B10400ACECEB /* Info.plist */ = {isa = PBXFileReference; lastKnownFileType = text.plist.xml; path = Info.plist; sourceTree = "<group>"; };
		294075EA2105B6AA00ACECEB /* KMConstant.swift */ = {isa = PBXFileReference; lastKnownFileType = sourcecode.swift; path = KMConstant.swift; sourceTree = "<group>"; };
		294075ED2105B7C000ACECEB /* UIColor+extension.swift */ = {isa = PBXFileReference; fileEncoding = 4; lastKnownFileType = sourcecode.swift; path = "UIColor+extension.swift"; sourceTree = "<group>"; };
		294075F32105C82C00ACECEB /* RegisterViewController.swift */ = {isa = PBXFileReference; lastKnownFileType = sourcecode.swift; path = RegisterViewController.swift; sourceTree = "<group>"; };
		294075F52105C84700ACECEB /* LoginViewController.swift */ = {isa = PBXFileReference; lastKnownFileType = sourcecode.swift; path = LoginViewController.swift; sourceTree = "<group>"; };
		294E6BD7211AE87900FEED8C /* Homepage.storyboard */ = {isa = PBXFileReference; lastKnownFileType = file.storyboard; path = Homepage.storyboard; sourceTree = "<group>"; };
		294E6BD9211AEB0200FEED8C /* Device.storyboard */ = {isa = PBXFileReference; lastKnownFileType = file.storyboard; path = Device.storyboard; sourceTree = "<group>"; };
		294E6BDB211AEB6100FEED8C /* Setup.storyboard */ = {isa = PBXFileReference; lastKnownFileType = file.storyboard; path = Setup.storyboard; sourceTree = "<group>"; };
		294E6BDE211AEE6800FEED8C /* HomeViewController.swift */ = {isa = PBXFileReference; lastKnownFileType = sourcecode.swift; path = HomeViewController.swift; sourceTree = "<group>"; };
		294EA7B521081C2F007F9E5B /* UserSettings.swift */ = {isa = PBXFileReference; lastKnownFileType = sourcecode.swift; path = UserSettings.swift; sourceTree = "<group>"; };
		294EA7B721081DF8007F9E5B /* HttpWrapper.swift */ = {isa = PBXFileReference; lastKnownFileType = sourcecode.swift; path = HttpWrapper.swift; sourceTree = "<group>"; };
		294EA7B921081F6A007F9E5B /* Api.swift */ = {isa = PBXFileReference; lastKnownFileType = sourcecode.swift; path = Api.swift; sourceTree = "<group>"; };
		294EA7BC21082724007F9E5B /* CommonResult.swift */ = {isa = PBXFileReference; lastKnownFileType = sourcecode.swift; path = CommonResult.swift; sourceTree = "<group>"; };
		294EA7BF210827A0007F9E5B /* BaseMappable.swift */ = {isa = PBXFileReference; lastKnownFileType = sourcecode.swift; path = BaseMappable.swift; sourceTree = "<group>"; };
		294EA7C121086A33007F9E5B /* BaseViewModel.swift */ = {isa = PBXFileReference; lastKnownFileType = sourcecode.swift; path = BaseViewModel.swift; sourceTree = "<group>"; };
		294EA7C321086F15007F9E5B /* RegisterViewModel.swift */ = {isa = PBXFileReference; lastKnownFileType = sourcecode.swift; path = RegisterViewModel.swift; sourceTree = "<group>"; };
		294EA7C72108744B007F9E5B /* Utils.swift */ = {isa = PBXFileReference; fileEncoding = 4; lastKnownFileType = sourcecode.swift; path = Utils.swift; sourceTree = "<group>"; };
		2954B8B4211E883800905ECD /* ManagerPWDViewController.swift */ = {isa = PBXFileReference; lastKnownFileType = sourcecode.swift; path = ManagerPWDViewController.swift; sourceTree = "<group>"; };
		2954B8B6211E8D7600905ECD /* HeartBeatViewController.swift */ = {isa = PBXFileReference; lastKnownFileType = sourcecode.swift; path = HeartBeatViewController.swift; sourceTree = "<group>"; };
		2961937B21211406006BA9F1 /* UserViewController.swift */ = {isa = PBXFileReference; lastKnownFileType = sourcecode.swift; path = UserViewController.swift; sourceTree = "<group>"; };
		2961937D21211DF0006BA9F1 /* SettingUserViewController.swift */ = {isa = PBXFileReference; lastKnownFileType = sourcecode.swift; path = SettingUserViewController.swift; sourceTree = "<group>"; };
		2979D66B2106BE6E00FF0E44 /* CodeLoginViewController.swift */ = {isa = PBXFileReference; lastKnownFileType = sourcecode.swift; path = CodeLoginViewController.swift; sourceTree = "<group>"; };
		2979D66D2106BEAF00FF0E44 /* ResetPwdViewController.swift */ = {isa = PBXFileReference; lastKnownFileType = sourcecode.swift; path = ResetPwdViewController.swift; sourceTree = "<group>"; };
		31000842390331D2A80109DA /* Pods-KMZN.debug.xcconfig */ = {isa = PBXFileReference; includeInIndex = 1; lastKnownFileType = text.xcconfig; name = "Pods-KMZN.debug.xcconfig"; path = "Pods/Target Support Files/Pods-KMZN/Pods-KMZN.debug.xcconfig"; sourceTree = "<group>"; };
		95530961FAB0509454A37F5A /* Pods_KMZN.framework */ = {isa = PBXFileReference; explicitFileType = wrapper.framework; includeInIndex = 0; path = Pods_KMZN.framework; sourceTree = BUILT_PRODUCTS_DIR; };
		A65219BE89C4CDB29A4C1B81 /* Pods-KMZN.release.xcconfig */ = {isa = PBXFileReference; includeInIndex = 1; lastKnownFileType = text.xcconfig; name = "Pods-KMZN.release.xcconfig"; path = "Pods/Target Support Files/Pods-KMZN/Pods-KMZN.release.xcconfig"; sourceTree = "<group>"; };
/* End PBXFileReference section */

/* Begin PBXFrameworksBuildPhase section */
		294075CF2105B10400ACECEB /* Frameworks */ = {
			isa = PBXFrameworksBuildPhase;
			buildActionMask = 2147483647;
			files = (
				290F351CD2545C033A4B6BC2 /* Pods_KMZN.framework in Frameworks */,
			);
			runOnlyForDeploymentPostprocessing = 0;
		};
/* End PBXFrameworksBuildPhase section */

/* Begin PBXGroup section */
		290A46C7211BEDA700D37A37 /* Views */ = {
			isa = PBXGroup;
			children = (
				290A46C8211BEE0700D37A37 /* DeviceInfoCell.xib */,
				290A46CA211C224F00D37A37 /* DeviceInfoCell.swift */,
				290A46D0211C310B00D37A37 /* UnlockRecordCell.swift */,
			);
			path = Views;
			sourceTree = "<group>";
		};
		290A46D4211D5E4800D37A37 /* device */ = {
			isa = PBXGroup;
			children = (
				290A46D5211D5E7B00D37A37 /* DeviceViewController.swift */,
				290A46D7211D666A00D37A37 /* ManagerDeviceViewController.swift */,
				290A46DD211D846100D37A37 /* TypeDeviceViewController.swift */,
				290A46DF211D896500D37A37 /* AddDeviceViewController.swift */,
				2954B8B4211E883800905ECD /* ManagerPWDViewController.swift */,
				2954B8B6211E8D7600905ECD /* HeartBeatViewController.swift */,
			);
			path = device;
			sourceTree = "<group>";
		};
		294075C92105B10400ACECEB = {
			isa = PBXGroup;
			children = (
				294075D42105B10400ACECEB /* KMZN */,
				294075D32105B10400ACECEB /* Products */,
				6BCFBBECB54BE375EE28CBCF /* Pods */,
				C6B7B65E33A221F61CEEE5B2 /* Frameworks */,
			);
			sourceTree = "<group>";
		};
		294075D32105B10400ACECEB /* Products */ = {
			isa = PBXGroup;
			children = (
				294075D22105B10400ACECEB /* KMZN.app */,
			);
			name = Products;
			sourceTree = "<group>";
		};
		294075D42105B10400ACECEB /* KMZN */ = {
			isa = PBXGroup;
			children = (
				294075E12105B10400ACECEB /* Info.plist */,
				294EA7BE21082764007F9E5B /* Models */,
				294EA7B121081226007F9E5B /* Utils */,
				290A46C7211BEDA700D37A37 /* Views */,
				294EA7BB210826F9007F9E5B /* ViewModels */,
				294075F12105C7A700ACECEB /* ViewControllers */,
				294075EC2105B77F00ACECEB /* Extensions */,
				294075E92105B64A00ACECEB /* Constants */,
				294075E82105B48200ACECEB /* Main */,
			);
			path = KMZN;
			sourceTree = "<group>";
		};
		294075E82105B48200ACECEB /* Main */ = {
			isa = PBXGroup;
			children = (
				294075D52105B10400ACECEB /* AppDelegate.swift */,
				294075D92105B10400ACECEB /* Main.storyboard */,
				294E6BD7211AE87900FEED8C /* Homepage.storyboard */,
				294E6BD9211AEB0200FEED8C /* Device.storyboard */,
				294E6BDB211AEB6100FEED8C /* Setup.storyboard */,
				294075DC2105B10400ACECEB /* Assets.xcassets */,
				294075DE2105B10400ACECEB /* LaunchScreen.storyboard */,
				290A46C3211BE1A400D37A37 /* ThemeViewController.swift */,
			);
			path = Main;
			sourceTree = "<group>";
		};
		294075E92105B64A00ACECEB /* Constants */ = {
			isa = PBXGroup;
			children = (
				294075EA2105B6AA00ACECEB /* KMConstant.swift */,
				294EA7B921081F6A007F9E5B /* Api.swift */,
			);
			path = Constants;
			sourceTree = "<group>";
		};
		294075EC2105B77F00ACECEB /* Extensions */ = {
			isa = PBXGroup;
			children = (
				294075ED2105B7C000ACECEB /* UIColor+extension.swift */,
				290A46D2211D3C9700D37A37 /* ButtonWithUpImage.swift */,
				290A46DB211D764400D37A37 /* ButtonWithRightImage.swift */,
			);
			path = Extensions;
			sourceTree = "<group>";
		};
		294075F12105C7A700ACECEB /* ViewControllers */ = {
			isa = PBXGroup;
			children = (
				294075F22105C7E800ACECEB /* login&register */,
				294E6BDD211AEE3000FEED8C /* homepage */,
				290A46D4211D5E4800D37A37 /* device */,
				2961937A2121136A006BA9F1 /* userSetting */,
			);
			path = ViewControllers;
			sourceTree = "<group>";
		};
		294075F22105C7E800ACECEB /* login&register */ = {
			isa = PBXGroup;
			children = (
				294075D72105B10400ACECEB /* StartViewController.swift */,
				294075F32105C82C00ACECEB /* RegisterViewController.swift */,
				294075F52105C84700ACECEB /* LoginViewController.swift */,
				2979D66B2106BE6E00FF0E44 /* CodeLoginViewController.swift */,
				2979D66D2106BEAF00FF0E44 /* ResetPwdViewController.swift */,
			);
			path = "login&register";
			sourceTree = "<group>";
		};
		294E6BDD211AEE3000FEED8C /* homepage */ = {
			isa = PBXGroup;
			children = (
				294E6BDE211AEE6800FEED8C /* HomeViewController.swift */,
				290A46C5211BE27500D37A37 /* ChooseDeviceViewController.swift */,
				290A46CC211C2E6600D37A37 /* TemporaryPwdViewController.swift */,
				290A46CE211C30DE00D37A37 /* UnlockRecordViewController.swift */,
			);
			path = homepage;
			sourceTree = "<group>";
		};
		294EA7B121081226007F9E5B /* Utils */ = {
			isa = PBXGroup;
			children = (
				294EA7C72108744B007F9E5B /* Utils.swift */,
				294EA7B521081C2F007F9E5B /* UserSettings.swift */,
				294EA7B721081DF8007F9E5B /* HttpWrapper.swift */,
				290FD08D2109675C00A615B4 /* UserInfo.swift */,
			);
			path = Utils;
			sourceTree = "<group>";
		};
		294EA7BB210826F9007F9E5B /* ViewModels */ = {
			isa = PBXGroup;
			children = (
				294EA7C121086A33007F9E5B /* BaseViewModel.swift */,
				294EA7C321086F15007F9E5B /* RegisterViewModel.swift */,
			);
			path = ViewModels;
			sourceTree = "<group>";
		};
		294EA7BE21082764007F9E5B /* Models */ = {
			isa = PBXGroup;
			children = (
				294EA7BF210827A0007F9E5B /* BaseMappable.swift */,
				294EA7BC21082724007F9E5B /* CommonResult.swift */,
			);
			path = Models;
			sourceTree = "<group>";
		};
		2961937A2121136A006BA9F1 /* userSetting */ = {
			isa = PBXGroup;
			children = (
				2961937B21211406006BA9F1 /* UserViewController.swift */,
				2961937D21211DF0006BA9F1 /* SettingUserViewController.swift */,
			);
			path = userSetting;
			sourceTree = "<group>";
		};
		6BCFBBECB54BE375EE28CBCF /* Pods */ = {
			isa = PBXGroup;
			children = (
				31000842390331D2A80109DA /* Pods-KMZN.debug.xcconfig */,
				A65219BE89C4CDB29A4C1B81 /* Pods-KMZN.release.xcconfig */,
			);
			name = Pods;
			sourceTree = "<group>";
		};
		C6B7B65E33A221F61CEEE5B2 /* Frameworks */ = {
			isa = PBXGroup;
			children = (
				95530961FAB0509454A37F5A /* Pods_KMZN.framework */,
			);
			name = Frameworks;
			sourceTree = "<group>";
		};
/* End PBXGroup section */

/* Begin PBXNativeTarget section */
		294075D12105B10400ACECEB /* KMZN */ = {
			isa = PBXNativeTarget;
			buildConfigurationList = 294075E42105B10400ACECEB /* Build configuration list for PBXNativeTarget "KMZN" */;
			buildPhases = (
				CA36C26E80C4D15BCECB9F63 /* [CP] Check Pods Manifest.lock */,
				294075CE2105B10400ACECEB /* Sources */,
				294075CF2105B10400ACECEB /* Frameworks */,
				294075D02105B10400ACECEB /* Resources */,
				14BE52D15D75435F0C60D240 /* [CP] Embed Pods Frameworks */,
				05EFA1F59CF76A1D94B4C056 /* [CP] Copy Pods Resources */,
			);
			buildRules = (
			);
			dependencies = (
			);
			name = KMZN;
			productName = KMZN;
			productReference = 294075D22105B10400ACECEB /* KMZN.app */;
			productType = "com.apple.product-type.application";
		};
/* End PBXNativeTarget section */

/* Begin PBXProject section */
		294075CA2105B10400ACECEB /* Project object */ = {
			isa = PBXProject;
			attributes = {
				LastSwiftUpdateCheck = 0920;
				LastUpgradeCheck = 0920;
				ORGANIZATIONNAME = czc;
				TargetAttributes = {
					294075D12105B10400ACECEB = {
						CreatedOnToolsVersion = 9.2;
						ProvisioningStyle = Automatic;
					};
				};
			};
			buildConfigurationList = 294075CD2105B10400ACECEB /* Build configuration list for PBXProject "KMZN" */;
			compatibilityVersion = "Xcode 8.0";
			developmentRegion = en;
			hasScannedForEncodings = 0;
			knownRegions = (
				en,
				Base,
			);
			mainGroup = 294075C92105B10400ACECEB;
			productRefGroup = 294075D32105B10400ACECEB /* Products */;
			projectDirPath = "";
			projectRoot = "";
			targets = (
				294075D12105B10400ACECEB /* KMZN */,
			);
		};
/* End PBXProject section */

/* Begin PBXResourcesBuildPhase section */
		294075D02105B10400ACECEB /* Resources */ = {
			isa = PBXResourcesBuildPhase;
			buildActionMask = 2147483647;
			files = (
				290A46C9211BEE0700D37A37 /* DeviceInfoCell.xib in Resources */,
				294E6BDC211AEB6100FEED8C /* Setup.storyboard in Resources */,
				294E6BD8211AE87900FEED8C /* Homepage.storyboard in Resources */,
				294075E02105B10400ACECEB /* LaunchScreen.storyboard in Resources */,
				294075DD2105B10400ACECEB /* Assets.xcassets in Resources */,
				294E6BDA211AEB0200FEED8C /* Device.storyboard in Resources */,
				294075DB2105B10400ACECEB /* Main.storyboard in Resources */,
			);
			runOnlyForDeploymentPostprocessing = 0;
		};
/* End PBXResourcesBuildPhase section */

/* Begin PBXShellScriptBuildPhase section */
		05EFA1F59CF76A1D94B4C056 /* [CP] Copy Pods Resources */ = {
			isa = PBXShellScriptBuildPhase;
			buildActionMask = 2147483647;
			files = (
			);
			inputPaths = (
			);
			name = "[CP] Copy Pods Resources";
			outputPaths = (
			);
			runOnlyForDeploymentPostprocessing = 0;
			shellPath = /bin/sh;
			shellScript = "\"${SRCROOT}/Pods/Target Support Files/Pods-KMZN/Pods-KMZN-resources.sh\"\n";
			showEnvVarsInLog = 0;
		};
		14BE52D15D75435F0C60D240 /* [CP] Embed Pods Frameworks */ = {
			isa = PBXShellScriptBuildPhase;
			buildActionMask = 2147483647;
			files = (
			);
			inputPaths = (
				"${SRCROOT}/Pods/Target Support Files/Pods-KMZN/Pods-KMZN-frameworks.sh",
				"${BUILT_PRODUCTS_DIR}/AFNetworking/AFNetworking.framework",
				"${BUILT_PRODUCTS_DIR}/ObjectMapper/ObjectMapper.framework",
				"${BUILT_PRODUCTS_DIR}/SVProgressHUD/SVProgressHUD.framework",
			);
			name = "[CP] Embed Pods Frameworks";
			outputPaths = (
				"${TARGET_BUILD_DIR}/${FRAMEWORKS_FOLDER_PATH}/AFNetworking.framework",
				"${TARGET_BUILD_DIR}/${FRAMEWORKS_FOLDER_PATH}/ObjectMapper.framework",
				"${TARGET_BUILD_DIR}/${FRAMEWORKS_FOLDER_PATH}/SVProgressHUD.framework",
			);
			runOnlyForDeploymentPostprocessing = 0;
			shellPath = /bin/sh;
			shellScript = "\"${SRCROOT}/Pods/Target Support Files/Pods-KMZN/Pods-KMZN-frameworks.sh\"\n";
			showEnvVarsInLog = 0;
		};
		CA36C26E80C4D15BCECB9F63 /* [CP] Check Pods Manifest.lock */ = {
			isa = PBXShellScriptBuildPhase;
			buildActionMask = 2147483647;
			files = (
			);
			inputPaths = (
				"${PODS_PODFILE_DIR_PATH}/Podfile.lock",
				"${PODS_ROOT}/Manifest.lock",
			);
			name = "[CP] Check Pods Manifest.lock";
			outputPaths = (
				"$(DERIVED_FILE_DIR)/Pods-KMZN-checkManifestLockResult.txt",
			);
			runOnlyForDeploymentPostprocessing = 0;
			shellPath = /bin/sh;
			shellScript = "diff \"${PODS_PODFILE_DIR_PATH}/Podfile.lock\" \"${PODS_ROOT}/Manifest.lock\" > /dev/null\nif [ $? != 0 ] ; then\n    # print error to STDERR\n    echo \"error: The sandbox is not in sync with the Podfile.lock. Run 'pod install' or update your CocoaPods installation.\" >&2\n    exit 1\nfi\n# This output is used by Xcode 'outputs' to avoid re-running this script phase.\necho \"SUCCESS\" > \"${SCRIPT_OUTPUT_FILE_0}\"\n";
			showEnvVarsInLog = 0;
		};
/* End PBXShellScriptBuildPhase section */

/* Begin PBXSourcesBuildPhase section */
		294075CE2105B10400ACECEB /* Sources */ = {
			isa = PBXSourcesBuildPhase;
			buildActionMask = 2147483647;
			files = (
				2979D66E2106BEAF00FF0E44 /* ResetPwdViewController.swift in Sources */,
				290A46D3211D3C9700D37A37 /* ButtonWithUpImage.swift in Sources */,
				294EA7C421086F15007F9E5B /* RegisterViewModel.swift in Sources */,
				290A46CD211C2E6600D37A37 /* TemporaryPwdViewController.swift in Sources */,
				290A46E0211D896500D37A37 /* AddDeviceViewController.swift in Sources */,
				290A46CF211C30DE00D37A37 /* UnlockRecordViewController.swift in Sources */,
				294EA7C0210827A0007F9E5B /* BaseMappable.swift in Sources */,
				2954B8B7211E8D7600905ECD /* HeartBeatViewController.swift in Sources */,
				294EA7B821081DF8007F9E5B /* HttpWrapper.swift in Sources */,
				294EA7C221086A33007F9E5B /* BaseViewModel.swift in Sources */,
				294E6BDF211AEE6800FEED8C /* HomeViewController.swift in Sources */,
				290FD08E2109675C00A615B4 /* UserInfo.swift in Sources */,
				294075F62105C84700ACECEB /* LoginViewController.swift in Sources */,
				290A46DE211D846100D37A37 /* TypeDeviceViewController.swift in Sources */,
				2954B8B5211E883800905ECD /* ManagerPWDViewController.swift in Sources */,
				2979D66C2106BE6E00FF0E44 /* CodeLoginViewController.swift in Sources */,
				294075D82105B10400ACECEB /* StartViewController.swift in Sources */,
				290A46D1211C310B00D37A37 /* UnlockRecordCell.swift in Sources */,
				290A46C6211BE27500D37A37 /* ChooseDeviceViewController.swift in Sources */,
				294EA7BA21081F6A007F9E5B /* Api.swift in Sources */,
				2961937E21211DF0006BA9F1 /* SettingUserViewController.swift in Sources */,
				294EA7C82108744B007F9E5B /* Utils.swift in Sources */,
				294EA7B621081C2F007F9E5B /* UserSettings.swift in Sources */,
				290A46C4211BE1A400D37A37 /* ThemeViewController.swift in Sources */,
				294075F42105C82C00ACECEB /* RegisterViewController.swift in Sources */,
				290A46D8211D666A00D37A37 /* ManagerDeviceViewController.swift in Sources */,
				2961937C21211406006BA9F1 /* UserViewController.swift in Sources */,
				294075EB2105B6AA00ACECEB /* KMConstant.swift in Sources */,
				290A46DC211D764400D37A37 /* ButtonWithRightImage.swift in Sources */,
				294EA7BD21082724007F9E5B /* CommonResult.swift in Sources */,
				290A46D6211D5E7B00D37A37 /* DeviceViewController.swift in Sources */,
				294075D62105B10400ACECEB /* AppDelegate.swift in Sources */,
				290A46CB211C224F00D37A37 /* DeviceInfoCell.swift in Sources */,
				294075EE2105B7C100ACECEB /* UIColor+extension.swift in Sources */,
			);
			runOnlyForDeploymentPostprocessing = 0;
		};
/* End PBXSourcesBuildPhase section */

/* Begin PBXVariantGroup section */
		294075D92105B10400ACECEB /* Main.storyboard */ = {
			isa = PBXVariantGroup;
			children = (
				294075DA2105B10400ACECEB /* Base */,
			);
			name = Main.storyboard;
			sourceTree = "<group>";
		};
		294075DE2105B10400ACECEB /* LaunchScreen.storyboard */ = {
			isa = PBXVariantGroup;
			children = (
				294075DF2105B10400ACECEB /* Base */,
			);
			name = LaunchScreen.storyboard;
			sourceTree = "<group>";
		};
/* End PBXVariantGroup section */

/* Begin XCBuildConfiguration section */
		294075E22105B10400ACECEB /* Debug */ = {
			isa = XCBuildConfiguration;
			buildSettings = {
				ALWAYS_SEARCH_USER_PATHS = NO;
				CLANG_ANALYZER_NONNULL = YES;
				CLANG_ANALYZER_NUMBER_OBJECT_CONVERSION = YES_AGGRESSIVE;
				CLANG_CXX_LANGUAGE_STANDARD = "gnu++14";
				CLANG_CXX_LIBRARY = "libc++";
				CLANG_ENABLE_MODULES = YES;
				CLANG_ENABLE_OBJC_ARC = YES;
				CLANG_WARN_BLOCK_CAPTURE_AUTORELEASING = YES;
				CLANG_WARN_BOOL_CONVERSION = YES;
				CLANG_WARN_COMMA = YES;
				CLANG_WARN_CONSTANT_CONVERSION = YES;
				CLANG_WARN_DIRECT_OBJC_ISA_USAGE = YES_ERROR;
				CLANG_WARN_DOCUMENTATION_COMMENTS = YES;
				CLANG_WARN_EMPTY_BODY = YES;
				CLANG_WARN_ENUM_CONVERSION = YES;
				CLANG_WARN_INFINITE_RECURSION = YES;
				CLANG_WARN_INT_CONVERSION = YES;
				CLANG_WARN_NON_LITERAL_NULL_CONVERSION = YES;
				CLANG_WARN_OBJC_LITERAL_CONVERSION = YES;
				CLANG_WARN_OBJC_ROOT_CLASS = YES_ERROR;
				CLANG_WARN_RANGE_LOOP_ANALYSIS = YES;
				CLANG_WARN_STRICT_PROTOTYPES = YES;
				CLANG_WARN_SUSPICIOUS_MOVE = YES;
				CLANG_WARN_UNGUARDED_AVAILABILITY = YES_AGGRESSIVE;
				CLANG_WARN_UNREACHABLE_CODE = YES;
				CLANG_WARN__DUPLICATE_METHOD_MATCH = YES;
				CODE_SIGN_IDENTITY = "iPhone Developer";
				COPY_PHASE_STRIP = NO;
				DEBUG_INFORMATION_FORMAT = dwarf;
				ENABLE_STRICT_OBJC_MSGSEND = YES;
				ENABLE_TESTABILITY = YES;
				GCC_C_LANGUAGE_STANDARD = gnu11;
				GCC_DYNAMIC_NO_PIC = NO;
				GCC_NO_COMMON_BLOCKS = YES;
				GCC_OPTIMIZATION_LEVEL = 0;
				GCC_PREPROCESSOR_DEFINITIONS = (
					"DEBUG=1",
					"$(inherited)",
				);
				GCC_WARN_64_TO_32_BIT_CONVERSION = YES;
				GCC_WARN_ABOUT_RETURN_TYPE = YES_ERROR;
				GCC_WARN_UNDECLARED_SELECTOR = YES;
				GCC_WARN_UNINITIALIZED_AUTOS = YES_AGGRESSIVE;
				GCC_WARN_UNUSED_FUNCTION = YES;
				GCC_WARN_UNUSED_VARIABLE = YES;
				IPHONEOS_DEPLOYMENT_TARGET = 11.2;
				MTL_ENABLE_DEBUG_INFO = YES;
				ONLY_ACTIVE_ARCH = YES;
				SDKROOT = iphoneos;
				SWIFT_ACTIVE_COMPILATION_CONDITIONS = DEBUG;
				SWIFT_OPTIMIZATION_LEVEL = "-Onone";
			};
			name = Debug;
		};
		294075E32105B10400ACECEB /* Release */ = {
			isa = XCBuildConfiguration;
			buildSettings = {
				ALWAYS_SEARCH_USER_PATHS = NO;
				CLANG_ANALYZER_NONNULL = YES;
				CLANG_ANALYZER_NUMBER_OBJECT_CONVERSION = YES_AGGRESSIVE;
				CLANG_CXX_LANGUAGE_STANDARD = "gnu++14";
				CLANG_CXX_LIBRARY = "libc++";
				CLANG_ENABLE_MODULES = YES;
				CLANG_ENABLE_OBJC_ARC = YES;
				CLANG_WARN_BLOCK_CAPTURE_AUTORELEASING = YES;
				CLANG_WARN_BOOL_CONVERSION = YES;
				CLANG_WARN_COMMA = YES;
				CLANG_WARN_CONSTANT_CONVERSION = YES;
				CLANG_WARN_DIRECT_OBJC_ISA_USAGE = YES_ERROR;
				CLANG_WARN_DOCUMENTATION_COMMENTS = YES;
				CLANG_WARN_EMPTY_BODY = YES;
				CLANG_WARN_ENUM_CONVERSION = YES;
				CLANG_WARN_INFINITE_RECURSION = YES;
				CLANG_WARN_INT_CONVERSION = YES;
				CLANG_WARN_NON_LITERAL_NULL_CONVERSION = YES;
				CLANG_WARN_OBJC_LITERAL_CONVERSION = YES;
				CLANG_WARN_OBJC_ROOT_CLASS = YES_ERROR;
				CLANG_WARN_RANGE_LOOP_ANALYSIS = YES;
				CLANG_WARN_STRICT_PROTOTYPES = YES;
				CLANG_WARN_SUSPICIOUS_MOVE = YES;
				CLANG_WARN_UNGUARDED_AVAILABILITY = YES_AGGRESSIVE;
				CLANG_WARN_UNREACHABLE_CODE = YES;
				CLANG_WARN__DUPLICATE_METHOD_MATCH = YES;
				CODE_SIGN_IDENTITY = "iPhone Developer";
				COPY_PHASE_STRIP = NO;
				DEBUG_INFORMATION_FORMAT = "dwarf-with-dsym";
				ENABLE_NS_ASSERTIONS = NO;
				ENABLE_STRICT_OBJC_MSGSEND = YES;
				GCC_C_LANGUAGE_STANDARD = gnu11;
				GCC_NO_COMMON_BLOCKS = YES;
				GCC_WARN_64_TO_32_BIT_CONVERSION = YES;
				GCC_WARN_ABOUT_RETURN_TYPE = YES_ERROR;
				GCC_WARN_UNDECLARED_SELECTOR = YES;
				GCC_WARN_UNINITIALIZED_AUTOS = YES_AGGRESSIVE;
				GCC_WARN_UNUSED_FUNCTION = YES;
				GCC_WARN_UNUSED_VARIABLE = YES;
				IPHONEOS_DEPLOYMENT_TARGET = 11.2;
				MTL_ENABLE_DEBUG_INFO = NO;
				SDKROOT = iphoneos;
				SWIFT_OPTIMIZATION_LEVEL = "-Owholemodule";
				VALIDATE_PRODUCT = YES;
			};
			name = Release;
		};
		294075E52105B10400ACECEB /* Debug */ = {
			isa = XCBuildConfiguration;
			baseConfigurationReference = 31000842390331D2A80109DA /* Pods-KMZN.debug.xcconfig */;
			buildSettings = {
				ASSETCATALOG_COMPILER_APPICON_NAME = AppIcon;
				"CODE_SIGN_IDENTITY[sdk=iphoneos*]" = "iPhone Developer";
				CODE_SIGN_STYLE = Automatic;
				DEVELOPMENT_TEAM = 3KTVYP4563;
				INFOPLIST_FILE = KMZN/Info.plist;
				IPHONEOS_DEPLOYMENT_TARGET = 9.0;
				LD_RUNPATH_SEARCH_PATHS = "$(inherited) @executable_path/Frameworks";
				PRODUCT_BUNDLE_IDENTIFIER = com.liveRadio.KMZN.1;
				PRODUCT_NAME = "$(TARGET_NAME)";
				PROVISIONING_PROFILE_SPECIFIER = "";
				SWIFT_VERSION = 4.0;
				TARGETED_DEVICE_FAMILY = "1,2";
			};
			name = Debug;
		};
		294075E62105B10400ACECEB /* Release */ = {
			isa = XCBuildConfiguration;
			baseConfigurationReference = A65219BE89C4CDB29A4C1B81 /* Pods-KMZN.release.xcconfig */;
			buildSettings = {
				ASSETCATALOG_COMPILER_APPICON_NAME = AppIcon;
				"CODE_SIGN_IDENTITY[sdk=iphoneos*]" = "iPhone Developer";
				CODE_SIGN_STYLE = Automatic;
				DEVELOPMENT_TEAM = 3KTVYP4563;
				INFOPLIST_FILE = KMZN/Info.plist;
				IPHONEOS_DEPLOYMENT_TARGET = 9.0;
				LD_RUNPATH_SEARCH_PATHS = "$(inherited) @executable_path/Frameworks";
				PRODUCT_BUNDLE_IDENTIFIER = com.liveRadio.KMZN.1;
				PRODUCT_NAME = "$(TARGET_NAME)";
				PROVISIONING_PROFILE_SPECIFIER = "";
				SWIFT_VERSION = 4.0;
				TARGETED_DEVICE_FAMILY = "1,2";
			};
			name = Release;
		};
/* End XCBuildConfiguration section */

/* Begin XCConfigurationList section */
		294075CD2105B10400ACECEB /* Build configuration list for PBXProject "KMZN" */ = {
			isa = XCConfigurationList;
			buildConfigurations = (
				294075E22105B10400ACECEB /* Debug */,
				294075E32105B10400ACECEB /* Release */,
			);
			defaultConfigurationIsVisible = 0;
			defaultConfigurationName = Release;
		};
		294075E42105B10400ACECEB /* Build configuration list for PBXNativeTarget "KMZN" */ = {
			isa = XCConfigurationList;
			buildConfigurations = (
				294075E52105B10400ACECEB /* Debug */,
				294075E62105B10400ACECEB /* Release */,
			);
			defaultConfigurationIsVisible = 0;
			defaultConfigurationName = Release;
		};
/* End XCConfigurationList section */
	};
	rootObject = 294075CA2105B10400ACECEB /* Project object */;
}
